{
    "_readme": [
        "This file locks the dependencies of your project to a known state",
        "Read more about it at https://getcomposer.org/doc/01-basic-usage.md#composer-lock-the-lock-file",
        "This file is @generated automatically"
    ],
    "content-hash": "288fc1717fbef660ca3b689ecebc9ab4",
    "packages": [
        {
            "name": "cybercog/laravel-ban",
            "version": "3.1.0",
            "source": {
                "type": "git",
                "url": "https://github.com/cybercog/laravel-ban.git",
                "reference": "95547dfa7771be617d88ee9f6a6cb894d8d48c16"
            },
            "dist": {
                "type": "zip",
                "url": "https://api.github.com/repos/cybercog/laravel-ban/zipball/95547dfa7771be617d88ee9f6a6cb894d8d48c16",
                "reference": "95547dfa7771be617d88ee9f6a6cb894d8d48c16",
                "shasum": ""
            },
            "require": {
                "illuminate/database": "~5.1.20|~5.2|~5.3|~5.4|~5.5|~5.6",
                "illuminate/events": "~5.1.20|~5.2|~5.3|~5.4|~5.5|~5.6",
                "illuminate/support": "~5.1.20|~5.2|~5.3|~5.4|~5.5|~5.6",
                "php": "^5.6|^7.0"
            },
            "require-dev": {
                "friendsofphp/php-cs-fixer": "^2.10",
                "mockery/mockery": "^0.9.8",
                "orchestra/database": "~3.4.0|~3.5.0|~3.6.0",
                "orchestra/testbench": "~3.4.0|~3.5.0|~3.6.0",
                "phpunit/phpunit": "^5.7|^6.0|^7.0"
            },
            "type": "library",
            "extra": {
                "laravel": {
                    "providers": [
                        "Cog\\Laravel\\Ban\\Providers\\BanServiceProvider"
                    ]
                }
            },
            "autoload": {
                "psr-4": {
                    "Cog\\Contracts\\Ban\\": "contracts/",
                    "Cog\\Laravel\\Ban\\": "src/"
                }
            },
            "notification-url": "https://packagist.org/downloads/",